
Microsoft Visual Studio Solution File, Format Version 12.00
# Visual Studio Version 16
VisualStudioVersion = 16.6.30114.105
MinimumVisualStudioVersion = 10.0.40219.1
Project("{9A19103F-16F7-4668-BE54-9A1E7A4F7556}") = "day5", "day5\day5.csproj", "{E318766B-7D1E-46D3-B696-A390C33612F7}"
EndProject
Project("{9A19103F-16F7-4668-BE54-9A1E7A4F7556}") = "day5.test", "day5.test\day5.test.csproj", "{12838330-5717-4F07-8AC9-FADA762A3506}"
EndProject
Project("{9A19103F-16F7-4668-BE54-9A1E7A4F7556}") = "day7.test", "day7.test\day7.test.csproj", "{9C43F16A-2C23-4764-AD8F-BCAF034DD2D2}"
EndProject
Project("{9A19103F-16F7-4668-BE54-9A1E7A4F7556}") = "day7", "day7\day7.csproj", "{92090F19-0032-45FA-B396-D78F7E5A9ED1}"
EndProject
Project("{9A19103F-16F7-4668-BE54-9A1E7A4F7556}") = "day10", "day10\day10.csproj", "{3F84ABA0-549D-4065-B651-EDB23176D088}"
EndProject
Project("{9A19103F-16F7-4668-BE54-9A1E7A4F7556}") = "day10.test", "day10.test\day10.test.csproj", "{713EE6D1-798C-4669-B015-27449DF51ABC}"
EndProject
Project("{9A19103F-16F7-4668-BE54-9A1E7A4F7556}") = "day12", "day12\day12.csproj", "{49DE8B85-4E41-4AF6-B0F3-05DB00A8A343}"
EndProject
Project("{9A19103F-16F7-4668-BE54-9A1E7A4F7556}") = "day12.test", "day12.test\day12.test.csproj", "{CF6E5346-D299-42E4-94CA-EE33685C6050}"
EndProject
Project("{9A19103F-16F7-4668-BE54-9A1E7A4F7556}") = "day14", "day14\day14.csproj", "{D6148439-C2EE-41F7-8586-F75D99871F9B}"
EndProject
Project("{9A19103F-16F7-4668-BE54-9A1E7A4F7556}") = "day14.test", "day14.test\day14.test.csproj", "{F3C7CDE2-76F2-4E85-ACAF-31AAD20F9697}"
EndProject
Project("{9A19103F-16F7-4668-BE54-9A1E7A4F7556}") = "day15", "day15\day15.csproj", "{9C4D6743-1C53-40FB-97B9-1B45DD1EE6E2}"
EndProject
Project("{9A19103F-16F7-4668-BE54-9A1E7A4F7556}") = "day15.test", "day15.test\day15.test.csproj", "{5CE5BCC6-5ED0-4F28-896D-2A25851CDE78}"
EndProject
Global
	GlobalSection(SolutionConfigurationPlatforms) = preSolution
		Debug|Any CPU = Debug|Any CPU
		Debug|x64 = Debug|x64
		Debug|x86 = Debug|x86
		Release|Any CPU = Release|Any CPU
		Release|x64 = Release|x64
		Release|x86 = Release|x86
	EndGlobalSection
	GlobalSection(ProjectConfigurationPlatforms) = postSolution
		{E318766B-7D1E-46D3-B696-A390C33612F7}.Debug|Any CPU.ActiveCfg = Debug|Any CPU
		{E318766B-7D1E-46D3-B696-A390C33612F7}.Debug|Any CPU.Build.0 = Debug|Any CPU
		{E318766B-7D1E-46D3-B696-A390C33612F7}.Debug|x64.ActiveCfg = Debug|Any CPU
		{E318766B-7D1E-46D3-B696-A390C33612F7}.Debug|x64.Build.0 = Debug|Any CPU
		{E318766B-7D1E-46D3-B696-A390C33612F7}.Debug|x86.ActiveCfg = Debug|Any CPU
		{E318766B-7D1E-46D3-B696-A390C33612F7}.Debug|x86.Build.0 = Debug|Any CPU
		{E318766B-7D1E-46D3-B696-A390C33612F7}.Release|Any CPU.ActiveCfg = Release|Any CPU
		{E318766B-7D1E-46D3-B696-A390C33612F7}.Release|Any CPU.Build.0 = Release|Any CPU
		{E318766B-7D1E-46D3-B696-A390C33612F7}.Release|x64.ActiveCfg = Release|Any CPU
		{E318766B-7D1E-46D3-B696-A390C33612F7}.Release|x64.Build.0 = Release|Any CPU
		{E318766B-7D1E-46D3-B696-A390C33612F7}.Release|x86.ActiveCfg = Release|Any CPU
		{E318766B-7D1E-46D3-B696-A390C33612F7}.Release|x86.Build.0 = Release|Any CPU
		{12838330-5717-4F07-8AC9-FADA762A3506}.Debug|Any CPU.ActiveCfg = Debug|Any CPU
		{12838330-5717-4F07-8AC9-FADA762A3506}.Debug|Any CPU.Build.0 = Debug|Any CPU
		{12838330-5717-4F07-8AC9-FADA762A3506}.Debug|x64.ActiveCfg = Debug|Any CPU
		{12838330-5717-4F07-8AC9-FADA762A3506}.Debug|x64.Build.0 = Debug|Any CPU
		{12838330-5717-4F07-8AC9-FADA762A3506}.Debug|x86.ActiveCfg = Debug|Any CPU
		{12838330-5717-4F07-8AC9-FADA762A3506}.Debug|x86.Build.0 = Debug|Any CPU
		{12838330-5717-4F07-8AC9-FADA762A3506}.Release|Any CPU.ActiveCfg = Release|Any CPU
		{12838330-5717-4F07-8AC9-FADA762A3506}.Release|Any CPU.Build.0 = Release|Any CPU
		{12838330-5717-4F07-8AC9-FADA762A3506}.Release|x64.ActiveCfg = Release|Any CPU
		{12838330-5717-4F07-8AC9-FADA762A3506}.Release|x64.Build.0 = Release|Any CPU
		{12838330-5717-4F07-8AC9-FADA762A3506}.Release|x86.ActiveCfg = Release|Any CPU
		{12838330-5717-4F07-8AC9-FADA762A3506}.Release|x86.Build.0 = Release|Any CPU
		{9C43F16A-2C23-4764-AD8F-BCAF034DD2D2}.Debug|Any CPU.ActiveCfg = Debug|Any CPU
		{9C43F16A-2C23-4764-AD8F-BCAF034DD2D2}.Debug|Any CPU.Build.0 = Debug|Any CPU
		{9C43F16A-2C23-4764-AD8F-BCAF034DD2D2}.Debug|x64.ActiveCfg = Debug|Any CPU
		{9C43F16A-2C23-4764-AD8F-BCAF034DD2D2}.Debug|x64.Build.0 = Debug|Any CPU
		{9C43F16A-2C23-4764-AD8F-BCAF034DD2D2}.Debug|x86.ActiveCfg = Debug|Any CPU
		{9C43F16A-2C23-4764-AD8F-BCAF034DD2D2}.Debug|x86.Build.0 = Debug|Any CPU
		{9C43F16A-2C23-4764-AD8F-BCAF034DD2D2}.Release|Any CPU.ActiveCfg = Release|Any CPU
		{9C43F16A-2C23-4764-AD8F-BCAF034DD2D2}.Release|Any CPU.Build.0 = Release|Any CPU
		{9C43F16A-2C23-4764-AD8F-BCAF034DD2D2}.Release|x64.ActiveCfg = Release|Any CPU
		{9C43F16A-2C23-4764-AD8F-BCAF034DD2D2}.Release|x64.Build.0 = Release|Any CPU
		{9C43F16A-2C23-4764-AD8F-BCAF034DD2D2}.Release|x86.ActiveCfg = Release|Any CPU
		{9C43F16A-2C23-4764-AD8F-BCAF034DD2D2}.Release|x86.Build.0 = Release|Any CPU
		{92090F19-0032-45FA-B396-D78F7E5A9ED1}.Debug|Any CPU.ActiveCfg = Debug|Any CPU
		{92090F19-0032-45FA-B396-D78F7E5A9ED1}.Debug|Any CPU.Build.0 = Debug|Any CPU
		{92090F19-0032-45FA-B396-D78F7E5A9ED1}.Debug|x64.ActiveCfg = Debug|Any CPU
		{92090F19-0032-45FA-B396-D78F7E5A9ED1}.Debug|x64.Build.0 = Debug|Any CPU
		{92090F19-0032-45FA-B396-D78F7E5A9ED1}.Debug|x86.ActiveCfg = Debug|Any CPU
		{92090F19-0032-45FA-B396-D78F7E5A9ED1}.Debug|x86.Build.0 = Debug|Any CPU
		{92090F19-0032-45FA-B396-D78F7E5A9ED1}.Release|Any CPU.ActiveCfg = Release|Any CPU
		{92090F19-0032-45FA-B396-D78F7E5A9ED1}.Release|Any CPU.Build.0 = Release|Any CPU
		{92090F19-0032-45FA-B396-D78F7E5A9ED1}.Release|x64.ActiveCfg = Release|Any CPU
		{92090F19-0032-45FA-B396-D78F7E5A9ED1}.Release|x64.Build.0 = Release|Any CPU
		{92090F19-0032-45FA-B396-D78F7E5A9ED1}.Release|x86.ActiveCfg = Release|Any CPU
		{92090F19-0032-45FA-B396-D78F7E5A9ED1}.Release|x86.Build.0 = Release|Any CPU
		{3F84ABA0-549D-4065-B651-EDB23176D088}.Debug|Any CPU.ActiveCfg = Debug|Any CPU
		{3F84ABA0-549D-4065-B651-EDB23176D088}.Debug|Any CPU.Build.0 = Debug|Any CPU
		{3F84ABA0-549D-4065-B651-EDB23176D088}.Debug|x64.ActiveCfg = Debug|Any CPU
		{3F84ABA0-549D-4065-B651-EDB23176D088}.Debug|x64.Build.0 = Debug|Any CPU
		{3F84ABA0-549D-4065-B651-EDB23176D088}.Debug|x86.ActiveCfg = Debug|Any CPU
		{3F84ABA0-549D-4065-B651-EDB23176D088}.Debug|x86.Build.0 = Debug|Any CPU
		{3F84ABA0-549D-4065-B651-EDB23176D088}.Release|Any CPU.ActiveCfg = Release|Any CPU
		{3F84ABA0-549D-4065-B651-EDB23176D088}.Release|Any CPU.Build.0 = Release|Any CPU
		{3F84ABA0-549D-4065-B651-EDB23176D088}.Release|x64.ActiveCfg = Release|Any CPU
		{3F84ABA0-549D-4065-B651-EDB23176D088}.Release|x64.Build.0 = Release|Any CPU
		{3F84ABA0-549D-4065-B651-EDB23176D088}.Release|x86.ActiveCfg = Release|Any CPU
		{3F84ABA0-549D-4065-B651-EDB23176D088}.Release|x86.Build.0 = Release|Any CPU
		{713EE6D1-798C-4669-B015-27449DF51ABC}.Debug|Any CPU.ActiveCfg = Debug|Any CPU
		{713EE6D1-798C-4669-B015-27449DF51ABC}.Debug|Any CPU.Build.0 = Debug|Any CPU
		{713EE6D1-798C-4669-B015-27449DF51ABC}.Debug|x64.ActiveCfg = Debug|Any CPU
		{713EE6D1-798C-4669-B015-27449DF51ABC}.Debug|x64.Build.0 = Debug|Any CPU
		{713EE6D1-798C-4669-B015-27449DF51ABC}.Debug|x86.ActiveCfg = Debug|Any CPU
		{713EE6D1-798C-4669-B015-27449DF51ABC}.Debug|x86.Build.0 = Debug|Any CPU
		{713EE6D1-798C-4669-B015-27449DF51ABC}.Release|Any CPU.ActiveCfg = Release|Any CPU
		{713EE6D1-798C-4669-B015-27449DF51ABC}.Release|Any CPU.Build.0 = Release|Any CPU
		{713EE6D1-798C-4669-B015-27449DF51ABC}.Release|x64.ActiveCfg = Release|Any CPU
		{713EE6D1-798C-4669-B015-27449DF51ABC}.Release|x64.Build.0 = Release|Any CPU
		{713EE6D1-798C-4669-B015-27449DF51ABC}.Release|x86.ActiveCfg = Release|Any CPU
		{713EE6D1-798C-4669-B015-27449DF51ABC}.Release|x86.Build.0 = Release|Any CPU
		{49DE8B85-4E41-4AF6-B0F3-05DB00A8A343}.Debug|Any CPU.ActiveCfg = Debug|Any CPU
		{49DE8B85-4E41-4AF6-B0F3-05DB00A8A343}.Debug|Any CPU.Build.0 = Debug|Any CPU
		{49DE8B85-4E41-4AF6-B0F3-05DB00A8A343}.Debug|x64.ActiveCfg = Debug|Any CPU
		{49DE8B85-4E41-4AF6-B0F3-05DB00A8A343}.Debug|x64.Build.0 = Debug|Any CPU
		{49DE8B85-4E41-4AF6-B0F3-05DB00A8A343}.Debug|x86.ActiveCfg = Debug|Any CPU
		{49DE8B85-4E41-4AF6-B0F3-05DB00A8A343}.Debug|x86.Build.0 = Debug|Any CPU
		{49DE8B85-4E41-4AF6-B0F3-05DB00A8A343}.Release|Any CPU.ActiveCfg = Release|Any CPU
		{49DE8B85-4E41-4AF6-B0F3-05DB00A8A343}.Release|Any CPU.Build.0 = Release|Any CPU
		{49DE8B85-4E41-4AF6-B0F3-05DB00A8A343}.Release|x64.ActiveCfg = Release|Any CPU
		{49DE8B85-4E41-4AF6-B0F3-05DB00A8A343}.Release|x64.Build.0 = Release|Any CPU
		{49DE8B85-4E41-4AF6-B0F3-05DB00A8A343}.Release|x86.ActiveCfg = Release|Any CPU
		{49DE8B85-4E41-4AF6-B0F3-05DB00A8A343}.Release|x86.Build.0 = Release|Any CPU
		{CF6E5346-D299-42E4-94CA-EE33685C6050}.Debug|Any CPU.ActiveCfg = Debug|Any CPU
		{CF6E5346-D299-42E4-94CA-EE33685C6050}.Debug|Any CPU.Build.0 = Debug|Any CPU
		{CF6E5346-D299-42E4-94CA-EE33685C6050}.Debug|x64.ActiveCfg = Debug|Any CPU
		{CF6E5346-D299-42E4-94CA-EE33685C6050}.Debug|x64.Build.0 = Debug|Any CPU
		{CF6E5346-D299-42E4-94CA-EE33685C6050}.Debug|x86.ActiveCfg = Debug|Any CPU
		{CF6E5346-D299-42E4-94CA-EE33685C6050}.Debug|x86.Build.0 = Debug|Any CPU
		{CF6E5346-D299-42E4-94CA-EE33685C6050}.Release|Any CPU.ActiveCfg = Release|Any CPU
		{CF6E5346-D299-42E4-94CA-EE33685C6050}.Release|Any CPU.Build.0 = Release|Any CPU
		{CF6E5346-D299-42E4-94CA-EE33685C6050}.Release|x64.ActiveCfg = Release|Any CPU
		{CF6E5346-D299-42E4-94CA-EE33685C6050}.Release|x64.Build.0 = Release|Any CPU
		{CF6E5346-D299-42E4-94CA-EE33685C6050}.Release|x86.ActiveCfg = Release|Any CPU
		{CF6E5346-D299-42E4-94CA-EE33685C6050}.Release|x86.Build.0 = Release|Any CPU
		{D6148439-C2EE-41F7-8586-F75D99871F9B}.Debug|Any CPU.ActiveCfg = Debug|Any CPU
		{D6148439-C2EE-41F7-8586-F75D99871F9B}.Debug|Any CPU.Build.0 = Debug|Any CPU
		{D6148439-C2EE-41F7-8586-F75D99871F9B}.Debug|x64.ActiveCfg = Debug|Any CPU
		{D6148439-C2EE-41F7-8586-F75D99871F9B}.Debug|x64.Build.0 = Debug|Any CPU
		{D6148439-C2EE-41F7-8586-F75D99871F9B}.Debug|x86.ActiveCfg = Debug|Any CPU
		{D6148439-C2EE-41F7-8586-F75D99871F9B}.Debug|x86.Build.0 = Debug|Any CPU
		{D6148439-C2EE-41F7-8586-F75D99871F9B}.Release|Any CPU.ActiveCfg = Release|Any CPU
		{D6148439-C2EE-41F7-8586-F75D99871F9B}.Release|Any CPU.Build.0 = Release|Any CPU
		{D6148439-C2EE-41F7-8586-F75D99871F9B}.Release|x64.ActiveCfg = Release|Any CPU
		{D6148439-C2EE-41F7-8586-F75D99871F9B}.Release|x64.Build.0 = Release|Any CPU
		{D6148439-C2EE-41F7-8586-F75D99871F9B}.Release|x86.ActiveCfg = Release|Any CPU
		{D6148439-C2EE-41F7-8586-F75D99871F9B}.Release|x86.Build.0 = Release|Any CPU
		{F3C7CDE2-76F2-4E85-ACAF-31AAD20F9697}.Debug|Any CPU.ActiveCfg = Debug|Any CPU
		{F3C7CDE2-76F2-4E85-ACAF-31AAD20F9697}.Debug|Any CPU.Build.0 = Debug|Any CPU
		{F3C7CDE2-76F2-4E85-ACAF-31AAD20F9697}.Debug|x64.ActiveCfg = Debug|Any CPU
		{F3C7CDE2-76F2-4E85-ACAF-31AAD20F9697}.Debug|x64.Build.0 = Debug|Any CPU
		{F3C7CDE2-76F2-4E85-ACAF-31AAD20F9697}.Debug|x86.ActiveCfg = Debug|Any CPU
		{F3C7CDE2-76F2-4E85-ACAF-31AAD20F9697}.Debug|x86.Build.0 = Debug|Any CPU
		{F3C7CDE2-76F2-4E85-ACAF-31AAD20F9697}.Release|Any CPU.ActiveCfg = Release|Any CPU
		{F3C7CDE2-76F2-4E85-ACAF-31AAD20F9697}.Release|Any CPU.Build.0 = Release|Any CPU
		{F3C7CDE2-76F2-4E85-ACAF-31AAD20F9697}.Release|x64.ActiveCfg = Release|Any CPU
		{F3C7CDE2-76F2-4E85-ACAF-31AAD20F9697}.Release|x64.Build.0 = Release|Any CPU
		{F3C7CDE2-76F2-4E85-ACAF-31AAD20F9697}.Release|x86.ActiveCfg = Release|Any CPU
		{F3C7CDE2-76F2-4E85-ACAF-31AAD20F9697}.Release|x86.Build.0 = Release|Any CPU
		{9C4D6743-1C53-40FB-97B9-1B45DD1EE6E2}.Debug|Any CPU.ActiveCfg = Debug|Any CPU
		{9C4D6743-1C53-40FB-97B9-1B45DD1EE6E2}.Debug|Any CPU.Build.0 = Debug|Any CPU
		{9C4D6743-1C53-40FB-97B9-1B45DD1EE6E2}.Debug|x64.ActiveCfg = Debug|Any CPU
		{9C4D6743-1C53-40FB-97B9-1B45DD1EE6E2}.Debug|x64.Build.0 = Debug|Any CPU
		{9C4D6743-1C53-40FB-97B9-1B45DD1EE6E2}.Debug|x86.ActiveCfg = Debug|Any CPU
		{9C4D6743-1C53-40FB-97B9-1B45DD1EE6E2}.Debug|x86.Build.0 = Debug|Any CPU
		{9C4D6743-1C53-40FB-97B9-1B45DD1EE6E2}.Release|Any CPU.ActiveCfg = Release|Any CPU
		{9C4D6743-1C53-40FB-97B9-1B45DD1EE6E2}.Release|Any CPU.Build.0 = Release|Any CPU
		{9C4D6743-1C53-40FB-97B9-1B45DD1EE6E2}.Release|x64.ActiveCfg = Release|Any CPU
		{9C4D6743-1C53-40FB-97B9-1B45DD1EE6E2}.Release|x64.Build.0 = Release|Any CPU
		{9C4D6743-1C53-40FB-97B9-1B45DD1EE6E2}.Release|x86.ActiveCfg = Release|Any CPU
		{9C4D6743-1C53-40FB-97B9-1B45DD1EE6E2}.Release|x86.Build.0 = Release|Any CPU
		{5CE5BCC6-5ED0-4F28-896D-2A25851CDE78}.Debug|Any CPU.ActiveCfg = Debug|Any CPU
		{5CE5BCC6-5ED0-4F28-896D-2A25851CDE78}.Debug|Any CPU.Build.0 = Debug|Any CPU
		{5CE5BCC6-5ED0-4F28-896D-2A25851CDE78}.Debug|x64.ActiveCfg = Debug|Any CPU
		{5CE5BCC6-5ED0-4F28-896D-2A25851CDE78}.Debug|x64.Build.0 = Debug|Any CPU
		{5CE5BCC6-5ED0-4F28-896D-2A25851CDE78}.Debug|x86.ActiveCfg = Debug|Any CPU
		{5CE5BCC6-5ED0-4F28-896D-2A25851CDE78}.Debug|x86.Build.0 = Debug|Any CPU
		{5CE5BCC6-5ED0-4F28-896D-2A25851CDE78}.Release|Any CPU.ActiveCfg = Release|Any CPU
		{5CE5BCC6-5ED0-4F28-896D-2A25851CDE78}.Release|Any CPU.Build.0 = Release|Any CPU
		{5CE5BCC6-5ED0-4F28-896D-2A25851CDE78}.Release|x64.ActiveCfg = Release|Any CPU
		{5CE5BCC6-5ED0-4F28-896D-2A25851CDE78}.Release|x64.Build.0 = Release|Any CPU
		{5CE5BCC6-5ED0-4F28-896D-2A25851CDE78}.Release|x86.ActiveCfg = Release|Any CPU
		{5CE5BCC6-5ED0-4F28-896D-2A25851CDE78}.Release|x86.Build.0 = Release|Any CPU
	EndGlobalSection
	GlobalSection(SolutionProperties) = preSolution
		HideSolutionNode = FALSE
	EndGlobalSection
	GlobalSection(ExtensibilityGlobals) = postSolution
		SolutionGuid = {AF591F6E-A72E-4EF2-BBC4-C9E910FFA23B}
	EndGlobalSection
EndGlobal
